
Microsoft Visual Studio Solution File, Format Version 12.00
# Visual Studio Version 17
VisualStudioVersion = 17.0.31903.59
MinimumVisualStudioVersion = 10.0.40219.1
Project("{FAE04EC0-301F-11D3-BF4B-00C04F79EFBC}") = "RestaurantReservation", "RestaurantReservation\RestaurantReservation.csproj", "{8CDAE2B4-D689-4EFF-80BB-EC36EC128707}"
EndProject
Project("{FAE04EC0-301F-11D3-BF4B-00C04F79EFBC}") = "RestaurantReservation.Db", "RestaurantReservation.Db\RestaurantReservation.Db.csproj", "{BBF831A9-1BEC-4705-9B46-DCC5A0616C9B}"
EndProject
Global
	GlobalSection(SolutionConfigurationPlatforms) = preSolution
		Debug|Any CPU = Debug|Any CPU
		Release|Any CPU = Release|Any CPU
	EndGlobalSection
	GlobalSection(SolutionProperties) = preSolution
		HideSolutionNode = FALSE
	EndGlobalSection
	GlobalSection(ProjectConfigurationPlatforms) = postSolution
		{8CDAE2B4-D689-4EFF-80BB-EC36EC128707}.Debug|Any CPU.ActiveCfg = Debug|Any CPU
		{8CDAE2B4-D689-4EFF-80BB-EC36EC128707}.Debug|Any CPU.Build.0 = Debug|Any CPU
		{8CDAE2B4-D689-4EFF-80BB-EC36EC128707}.Release|Any CPU.ActiveCfg = Release|Any CPU
		{8CDAE2B4-D689-4EFF-80BB-EC36EC128707}.Release|Any CPU.Build.0 = Release|Any CPU
		{BBF831A9-1BEC-4705-9B46-DCC5A0616C9B}.Debug|Any CPU.ActiveCfg = Debug|Any CPU
		{BBF831A9-1BEC-4705-9B46-DCC5A0616C9B}.Debug|Any CPU.Build.0 = Debug|Any CPU
		{BBF831A9-1BEC-4705-9B46-DCC5A0616C9B}.Release|Any CPU.ActiveCfg = Release|Any CPU
		{BBF831A9-1BEC-4705-9B46-DCC5A0616C9B}.Release|Any CPU.Build.0 = Release|Any CPU
	EndGlobalSection
EndGlobal
